
Microsoft Visual Studio Solution File, Format Version 12.00
# Visual Studio Version 16
VisualStudioVersion = 16.0.31613.86
MinimumVisualStudioVersion = 10.0.40219.1
Project("{FAE04EC0-301F-11D3-BF4B-00C04F79EFBC}") = "ByteBankHerancaInterface", "ByteBankHerancaInterface\ByteBankHerancaInterface.csproj", "{C6092742-4911-4D92-A954-7271C1F7CFCD}"
EndProject
Global
	GlobalSection(SolutionConfigurationPlatforms) = preSolution
		Debug|Any CPU = Debug|Any CPU
		Release|Any CPU = Release|Any CPU
	EndGlobalSection
	GlobalSection(ProjectConfigurationPlatforms) = postSolution
		{C6092742-4911-4D92-A954-7271C1F7CFCD}.Debug|Any CPU.ActiveCfg = Debug|Any CPU
		{C6092742-4911-4D92-A954-7271C1F7CFCD}.Debug|Any CPU.Build.0 = Debug|Any CPU
		{C6092742-4911-4D92-A954-7271C1F7CFCD}.Release|Any CPU.ActiveCfg = Release|Any CPU
		{C6092742-4911-4D92-A954-7271C1F7CFCD}.Release|Any CPU.Build.0 = Release|Any CPU
	EndGlobalSection
	GlobalSection(SolutionProperties) = preSolution
		HideSolutionNode = FALSE
	EndGlobalSection
	GlobalSection(ExtensibilityGlobals) = postSolution
		SolutionGuid = {F21045CF-05A0-42A3-8531-FDC0776C6F3D}
	EndGlobalSection
EndGlobal
